Microsoft Visual Studio Solution File, Format Version 12.00
# Visual Studio Version 17
VisualStudioVersion = 17.5.2.0
MinimumVisualStudioVersion = 10.0.40219.1
Project("{FAE04EC0-301F-11D3-BF4B-00C04F79EFBC}") = "BackupService", "BackupService.csproj", "{6DFDB9C0-1308-A22E-5674-A211F09F87EC}"
EndProject
Global
	GlobalSection(SolutionConfigurationPlatforms) = preSolution
		Debug|Any CPU = Debug|Any CPU
		Release|Any CPU = Release|Any CPU
	EndGlobalSection
	GlobalSection(ProjectConfigurationPlatforms) = postSolution
		{6DFDB9C0-1308-A22E-5674-A211F09F87EC}.Debug|Any CPU.ActiveCfg = Debug|Any CPU
		{6DFDB9C0-1308-A22E-5674-A211F09F87EC}.Debug|Any CPU.Build.0 = Debug|Any CPU
		{6DFDB9C0-1308-A22E-5674-A211F09F87EC}.Release|Any CPU.ActiveCfg = Release|Any CPU
		{6DFDB9C0-1308-A22E-5674-A211F09F87EC}.Release|Any CPU.Build.0 = Release|Any CPU
	EndGlobalSection
	GlobalSection(SolutionProperties) = preSolution
		HideSolutionNode = FALSE
	EndGlobalSection
	GlobalSection(ExtensibilityGlobals) = postSolution
		SolutionGuid = {7ED7CB66-4414-4FED-907F-57786187C2D8}
	EndGlobalSection
EndGlobal
